
Microsoft Visual Studio Solution File, Format Version 12.00
# Visual Studio Version 17
VisualStudioVersion = 17.1.32421.90
MinimumVisualStudioVersion = 10.0.40219.1
Project("{9A19103F-16F7-4668-BE54-9A1E7A4F7556}") = "Calculator.Model", "Calculator.Model\Calculator.Model.csproj", "{6B0570B9-D8D7-4250-BA46-1A1D07E1939A}"
EndProject
Project("{9A19103F-16F7-4668-BE54-9A1E7A4F7556}") = "Calculator.Logic", "Calculator.Logic\Calculator.Logic.csproj", "{2A76E583-4156-4B4E-B0F2-F096DA3FF30F}"
EndProject
Project("{FAE04EC0-301F-11D3-BF4B-00C04F79EFBC}") = "CalculatorApp.Interface", "CalculatorApp.Interface\CalculatorApp.Interface.csproj", "{1A7E1FC1-0B40-407F-80CA-53032CC55CD9}"
EndProject
Global
	GlobalSection(SolutionConfigurationPlatforms) = preSolution
		Debug|Any CPU = Debug|Any CPU
		Release|Any CPU = Release|Any CPU
	EndGlobalSection
	GlobalSection(ProjectConfigurationPlatforms) = postSolution
		{6B0570B9-D8D7-4250-BA46-1A1D07E1939A}.Debug|Any CPU.ActiveCfg = Debug|Any CPU
		{6B0570B9-D8D7-4250-BA46-1A1D07E1939A}.Debug|Any CPU.Build.0 = Debug|Any CPU
		{6B0570B9-D8D7-4250-BA46-1A1D07E1939A}.Release|Any CPU.ActiveCfg = Release|Any CPU
		{6B0570B9-D8D7-4250-BA46-1A1D07E1939A}.Release|Any CPU.Build.0 = Release|Any CPU
		{2A76E583-4156-4B4E-B0F2-F096DA3FF30F}.Debug|Any CPU.ActiveCfg = Debug|Any CPU
		{2A76E583-4156-4B4E-B0F2-F096DA3FF30F}.Debug|Any CPU.Build.0 = Debug|Any CPU
		{2A76E583-4156-4B4E-B0F2-F096DA3FF30F}.Release|Any CPU.ActiveCfg = Release|Any CPU
		{2A76E583-4156-4B4E-B0F2-F096DA3FF30F}.Release|Any CPU.Build.0 = Release|Any CPU
		{1A7E1FC1-0B40-407F-80CA-53032CC55CD9}.Debug|Any CPU.ActiveCfg = Debug|Any CPU
		{1A7E1FC1-0B40-407F-80CA-53032CC55CD9}.Debug|Any CPU.Build.0 = Debug|Any CPU
		{1A7E1FC1-0B40-407F-80CA-53032CC55CD9}.Release|Any CPU.ActiveCfg = Release|Any CPU
		{1A7E1FC1-0B40-407F-80CA-53032CC55CD9}.Release|Any CPU.Build.0 = Release|Any CPU
	EndGlobalSection
	GlobalSection(SolutionProperties) = preSolution
		HideSolutionNode = FALSE
	EndGlobalSection
	GlobalSection(ExtensibilityGlobals) = postSolution
		SolutionGuid = {5C6A6568-F0DB-402C-8221-2A524511BED6}
	EndGlobalSection
EndGlobal
